<?xml version="1.0" encoding="UTF-8" standalone="yes" ?>
<CodeBlocks_project_file>
   <FileVersion major="1" minor="6" />
   <Project>
      <Option title="trait_sill" />
      <Option makefile_is_custom="1" />
      <Option compiler="gcc" />
      <Option virtualFolders="CMake Files\;" />
      <Build>
      <Target title="all">
         <Option working_dir="/home/libaoyu/qtcreater_ws/learn_cpp_base/build-trait_sill-Desktop-Default" />
         <Option type="4" />
         <MakeCommands>
            <Build command="/usr/bin/make -f &quot;/home/libaoyu/qtcreater_ws/learn_cpp_base/build-trait_sill-Desktop-Default/Makefile&quot;  VERBOSE=1 all" />
            <CompileFile command="/usr/bin/make -f &quot;/home/libaoyu/qtcreater_ws/learn_cpp_base/build-trait_sill-Desktop-Default/Makefile&quot;  VERBOSE=1 &quot;$file&quot;" />
            <Clean command="/usr/bin/make -f &quot;/home/libaoyu/qtcreater_ws/learn_cpp_base/build-trait_sill-Desktop-Default/Makefile&quot;  VERBOSE=1 clean" />
            <DistClean command="/usr/bin/make -f &quot;/home/libaoyu/qtcreater_ws/learn_cpp_base/build-trait_sill-Desktop-Default/Makefile&quot;  VERBOSE=1 clean" />
         </MakeCommands>
      </Target>
      <Target title="main">
         <Option output="/home/libaoyu/qtcreater_ws/learn_cpp_base/build-trait_sill-Desktop-Default/main" prefix_auto="0" extension_auto="0" />
         <Option working_dir="/home/libaoyu/qtcreater_ws/learn_cpp_base/build-trait_sill-Desktop-Default" />
         <Option object_output="./" />
         <Option type="1" />
         <Option compiler="gcc" />
         <Compiler>
            <Add directory="/home/libaoyu/qtcreater_ws/learn_cpp_base/trait_sill/./include" />
            <Add directory="/opt/ros/indigo/include" />
            <Add directory="/usr/include" />
            <Add directory="/usr/include/c++/4.8" />
            <Add directory="/usr/include/c++/4.8/backward" />
            <Add directory="/usr/include/x86_64-linux-gnu" />
            <Add directory="/usr/include/x86_64-linux-gnu/c++/4.8" />
            <Add directory="/usr/lib/gcc/x86_64-linux-gnu/4.8/include" />
            <Add directory="/usr/lib/gcc/x86_64-linux-gnu/4.8/include-fixed" />
            <Add directory="/usr/local/include" />
         </Compiler>
         <MakeCommands>
            <Build command="/usr/bin/make -f &quot;/home/libaoyu/qtcreater_ws/learn_cpp_base/build-trait_sill-Desktop-Default/Makefile&quot;  VERBOSE=1 main" />
            <CompileFile command="/usr/bin/make -f &quot;/home/libaoyu/qtcreater_ws/learn_cpp_base/build-trait_sill-Desktop-Default/Makefile&quot;  VERBOSE=1 &quot;$file&quot;" />
            <Clean command="/usr/bin/make -f &quot;/home/libaoyu/qtcreater_ws/learn_cpp_base/build-trait_sill-Desktop-Default/Makefile&quot;  VERBOSE=1 clean" />
            <DistClean command="/usr/bin/make -f &quot;/home/libaoyu/qtcreater_ws/learn_cpp_base/build-trait_sill-Desktop-Default/Makefile&quot;  VERBOSE=1 clean" />
         </MakeCommands>
      </Target>
      <Target title="main/fast">
         <Option output="/home/libaoyu/qtcreater_ws/learn_cpp_base/build-trait_sill-Desktop-Default/main" prefix_auto="0" extension_auto="0" />
         <Option working_dir="/home/libaoyu/qtcreater_ws/learn_cpp_base/build-trait_sill-Desktop-Default" />
         <Option object_output="./" />
         <Option type="1" />
         <Option compiler="gcc" />
         <Compiler>
            <Add directory="/home/libaoyu/qtcreater_ws/learn_cpp_base/trait_sill/./include" />
            <Add directory="/opt/ros/indigo/include" />
            <Add directory="/usr/include" />
            <Add directory="/usr/include/c++/4.8" />
            <Add directory="/usr/include/c++/4.8/backward" />
            <Add directory="/usr/include/x86_64-linux-gnu" />
            <Add directory="/usr/include/x86_64-linux-gnu/c++/4.8" />
            <Add directory="/usr/lib/gcc/x86_64-linux-gnu/4.8/include" />
            <Add directory="/usr/lib/gcc/x86_64-linux-gnu/4.8/include-fixed" />
            <Add directory="/usr/local/include" />
         </Compiler>
         <MakeCommands>
            <Build command="/usr/bin/make -f &quot;/home/libaoyu/qtcreater_ws/learn_cpp_base/build-trait_sill-Desktop-Default/Makefile&quot;  VERBOSE=1 main/fast" />
            <CompileFile command="/usr/bin/make -f &quot;/home/libaoyu/qtcreater_ws/learn_cpp_base/build-trait_sill-Desktop-Default/Makefile&quot;  VERBOSE=1 &quot;$file&quot;" />
            <Clean command="/usr/bin/make -f &quot;/home/libaoyu/qtcreater_ws/learn_cpp_base/build-trait_sill-Desktop-Default/Makefile&quot;  VERBOSE=1 clean" />
            <DistClean command="/usr/bin/make -f &quot;/home/libaoyu/qtcreater_ws/learn_cpp_base/build-trait_sill-Desktop-Default/Makefile&quot;  VERBOSE=1 clean" />
         </MakeCommands>
      </Target>
      <Target title="rebuild_cache">
         <Option working_dir="/home/libaoyu/qtcreater_ws/learn_cpp_base/build-trait_sill-Desktop-Default" />
         <Option type="4" />
         <MakeCommands>
            <Build command="/usr/bin/make -f &quot;/home/libaoyu/qtcreater_ws/learn_cpp_base/build-trait_sill-Desktop-Default/Makefile&quot;  VERBOSE=1 rebuild_cache" />
            <CompileFile command="/usr/bin/make -f &quot;/home/libaoyu/qtcreater_ws/learn_cpp_base/build-trait_sill-Desktop-Default/Makefile&quot;  VERBOSE=1 &quot;$file&quot;" />
            <Clean command="/usr/bin/make -f &quot;/home/libaoyu/qtcreater_ws/learn_cpp_base/build-trait_sill-Desktop-Default/Makefile&quot;  VERBOSE=1 clean" />
            <DistClean command="/usr/bin/make -f &quot;/home/libaoyu/qtcreater_ws/learn_cpp_base/build-trait_sill-Desktop-Default/Makefile&quot;  VERBOSE=1 clean" />
         </MakeCommands>
      </Target>
      </Build>
      <Unit filename="/home/libaoyu/qtcreater_ws/learn_cpp_base/trait_sill/src/main_traits.cpp">
      </Unit>
      <Unit filename="/home/libaoyu/qtcreater_ws/learn_cpp_base/trait_sill/CMakeLists.txt">
          <Option virtualFolder="CMake Files\" />
      </Unit>
   </Project>
</CodeBlocks_project_file>
